
Microsoft Visual Studio Solution File, Format Version 12.00
# Visual Studio Version 16
VisualStudioVersion = 16.0.29519.87
MinimumVisualStudioVersion = 10.0.40219.1
Project("{FAE04EC0-301F-11D3-BF4B-00C04F79EFBC}") = "Calculator", "Calculator\Calculator.csproj", "{33848B9D-93BE-4D4E-866E-B34F1C97684D}"
EndProject
Global
	GlobalSection(SolutionConfigurationPlatforms) = preSolution
		Debug|Any CPU = Debug|Any CPU
		Release|Any CPU = Release|Any CPU
	EndGlobalSection
	GlobalSection(ProjectConfigurationPlatforms) = postSolution
		{33848B9D-93BE-4D4E-866E-B34F1C97684D}.Debug|Any CPU.ActiveCfg = Debug|Any CPU
		{33848B9D-93BE-4D4E-866E-B34F1C97684D}.Debug|Any CPU.Build.0 = Debug|Any CPU
		{33848B9D-93BE-4D4E-866E-B34F1C97684D}.Release|Any CPU.ActiveCfg = Release|Any CPU
		{33848B9D-93BE-4D4E-866E-B34F1C97684D}.Release|Any CPU.Build.0 = Release|Any CPU
	EndGlobalSection
	GlobalSection(SolutionProperties) = preSolution
		HideSolutionNode = FALSE
	EndGlobalSection
	GlobalSection(ExtensibilityGlobals) = postSolution
		SolutionGuid = {542B8C8A-13A4-478A-9703-8A16EAE9E5E3}
	EndGlobalSection
EndGlobal
